
Microsoft Visual Studio Solution File, Format Version 12.00
# Visual Studio 15
VisualStudioVersion = 15.0.27703.2042
MinimumVisualStudioVersion = 10.0.40219.1
Project("{FAE04EC0-301F-11D3-BF4B-00C04F79EFBC}") = "PlatformBox", "PlatformBox\PlatformBox.csproj", "{35055474-A67A-41FF-A73E-94A78555EAC8}"
EndProject
Project("{FAE04EC0-301F-11D3-BF4B-00C04F79EFBC}") = "RpgLibrary", "RpgLibrary\RpgLibrary.csproj", "{9019A86F-D8F2-4A22-8D42-6E39AC872275}"
EndProject
Project("{FAE04EC0-301F-11D3-BF4B-00C04F79EFBC}") = "RpgApp", "RpgApp\RpgApp.csproj", "{AF5DB828-3E0D-49AB-8B4E-CCC226EF434B}"
EndProject
Global
	GlobalSection(SolutionConfigurationPlatforms) = preSolution
		Debug|Any CPU = Debug|Any CPU
		Release|Any CPU = Release|Any CPU
	EndGlobalSection
	GlobalSection(ProjectConfigurationPlatforms) = postSolution
		{35055474-A67A-41FF-A73E-94A78555EAC8}.Debug|Any CPU.ActiveCfg = Debug|Any CPU
		{35055474-A67A-41FF-A73E-94A78555EAC8}.Debug|Any CPU.Build.0 = Debug|Any CPU
		{35055474-A67A-41FF-A73E-94A78555EAC8}.Release|Any CPU.ActiveCfg = Release|Any CPU
		{35055474-A67A-41FF-A73E-94A78555EAC8}.Release|Any CPU.Build.0 = Release|Any CPU
		{9019A86F-D8F2-4A22-8D42-6E39AC872275}.Debug|Any CPU.ActiveCfg = Debug|Any CPU
		{9019A86F-D8F2-4A22-8D42-6E39AC872275}.Debug|Any CPU.Build.0 = Debug|Any CPU
		{9019A86F-D8F2-4A22-8D42-6E39AC872275}.Release|Any CPU.ActiveCfg = Release|Any CPU
		{9019A86F-D8F2-4A22-8D42-6E39AC872275}.Release|Any CPU.Build.0 = Release|Any CPU
		{AF5DB828-3E0D-49AB-8B4E-CCC226EF434B}.Debug|Any CPU.ActiveCfg = Debug|Any CPU
		{AF5DB828-3E0D-49AB-8B4E-CCC226EF434B}.Debug|Any CPU.Build.0 = Debug|Any CPU
		{AF5DB828-3E0D-49AB-8B4E-CCC226EF434B}.Release|Any CPU.ActiveCfg = Release|Any CPU
		{AF5DB828-3E0D-49AB-8B4E-CCC226EF434B}.Release|Any CPU.Build.0 = Release|Any CPU
	EndGlobalSection
	GlobalSection(SolutionProperties) = preSolution
		HideSolutionNode = FALSE
	EndGlobalSection
	GlobalSection(ExtensibilityGlobals) = postSolution
		SolutionGuid = {D47D5EE3-0813-4CD8-8035-41CEB685AF6E}
	EndGlobalSection
EndGlobal
